
Microsoft Visual Studio Solution File, Format Version 12.00
# Visual Studio Version 16
VisualStudioVersion = 16.0.29215.179
MinimumVisualStudioVersion = 10.0.40219.1
Project("{FAE04EC0-301F-11D3-BF4B-00C04F79EFBC}") = "ORMLiteTesting", "ORMLiteTesting\ORMLiteTesting.csproj", "{4F1822F4-E8C6-49CA-A4FA-7CDCB202036B}"
EndProject
Global
	GlobalSection(SolutionConfigurationPlatforms) = preSolution
		Debug|Any CPU = Debug|Any CPU
		Release|Any CPU = Release|Any CPU
	EndGlobalSection
	GlobalSection(ProjectConfigurationPlatforms) = postSolution
		{4F1822F4-E8C6-49CA-A4FA-7CDCB202036B}.Debug|Any CPU.ActiveCfg = Debug|Any CPU
		{4F1822F4-E8C6-49CA-A4FA-7CDCB202036B}.Debug|Any CPU.Build.0 = Debug|Any CPU
		{4F1822F4-E8C6-49CA-A4FA-7CDCB202036B}.Release|Any CPU.ActiveCfg = Release|Any CPU
		{4F1822F4-E8C6-49CA-A4FA-7CDCB202036B}.Release|Any CPU.Build.0 = Release|Any CPU
	EndGlobalSection
	GlobalSection(SolutionProperties) = preSolution
		HideSolutionNode = FALSE
	EndGlobalSection
	GlobalSection(ExtensibilityGlobals) = postSolution
		SolutionGuid = {A26AAA64-7D98-448F-B3A5-5679BB79DF55}
	EndGlobalSection
EndGlobal
